<Solution>
  <Project Path="BoxOffice.API/BoxOffice.API.csproj">
    <BuildDependency Project="BoxOffice.BLL/BoxOffice.BLL.csproj" />
  </Project>
  <Project Path="BoxOffice.BLL/BoxOffice.BLL.csproj">
    <BuildDependency Project="BoxOffice.DAL/BoxOffice.DAL.csproj" />
  </Project>
  <Project Path="BoxOffice.DAL/BoxOffice.DAL.csproj" />
</Solution>
